
Microsoft Visual Studio Solution File, Format Version 12.00
# Visual Studio Version 16
VisualStudioVersion = 16.0.30621.155
MinimumVisualStudioVersion = 10.0.40219.1
Project("{FAE04EC0-301F-11D3-BF4B-00C04F79EFBC}") = "WeatherData.CoreApp", "WeatherData\WeatherData.CoreApp.csproj", "{5B5979CA-5838-49A5-9E37-A2315ABA8CC2}"
EndProject
Project("{FAE04EC0-301F-11D3-BF4B-00C04F79EFBC}") = "WeatherData.Model", "WeatherData.Model\WeatherData.Model.csproj", "{3B4D03E4-93D8-4DAB-B4E7-6158041B8A02}"
EndProject
Global
	GlobalSection(SolutionConfigurationPlatforms) = preSolution
		Debug|Any CPU = Debug|Any CPU
		Release|Any CPU = Release|Any CPU
	EndGlobalSection
	GlobalSection(ProjectConfigurationPlatforms) = postSolution
		{5B5979CA-5838-49A5-9E37-A2315ABA8CC2}.Debug|Any CPU.ActiveCfg = Debug|Any CPU
		{5B5979CA-5838-49A5-9E37-A2315ABA8CC2}.Debug|Any CPU.Build.0 = Debug|Any CPU
		{5B5979CA-5838-49A5-9E37-A2315ABA8CC2}.Release|Any CPU.ActiveCfg = Release|Any CPU
		{5B5979CA-5838-49A5-9E37-A2315ABA8CC2}.Release|Any CPU.Build.0 = Release|Any CPU
		{3B4D03E4-93D8-4DAB-B4E7-6158041B8A02}.Debug|Any CPU.ActiveCfg = Debug|Any CPU
		{3B4D03E4-93D8-4DAB-B4E7-6158041B8A02}.Debug|Any CPU.Build.0 = Debug|Any CPU
		{3B4D03E4-93D8-4DAB-B4E7-6158041B8A02}.Release|Any CPU.ActiveCfg = Release|Any CPU
		{3B4D03E4-93D8-4DAB-B4E7-6158041B8A02}.Release|Any CPU.Build.0 = Release|Any CPU
	EndGlobalSection
	GlobalSection(SolutionProperties) = preSolution
		HideSolutionNode = FALSE
	EndGlobalSection
	GlobalSection(ExtensibilityGlobals) = postSolution
		SolutionGuid = {4022F4BC-4C29-482C-AC30-58C36DDBEE7F}
	EndGlobalSection
EndGlobal
